
Microsoft Visual Studio Solution File, Format Version 12.00
# Visual Studio Version 16
VisualStudioVersion = 16.0.30804.86
MinimumVisualStudioVersion = 10.0.40219.1
Project("{FAE04EC0-301F-11D3-BF4B-00C04F79EFBC}") = "CsharpThreadVisualizer.App", "CsharpThreadVisualizer.App\CsharpThreadVisualizer.App.csproj", "{4A3807D9-F8EC-4044-B371-575A9EBB5D5C}"
EndProject
Global
	GlobalSection(SolutionConfigurationPlatforms) = preSolution
		Debug|Any CPU = Debug|Any CPU
		Release|Any CPU = Release|Any CPU
	EndGlobalSection
	GlobalSection(ProjectConfigurationPlatforms) = postSolution
		{4A3807D9-F8EC-4044-B371-575A9EBB5D5C}.Debug|Any CPU.ActiveCfg = Debug|Any CPU
		{4A3807D9-F8EC-4044-B371-575A9EBB5D5C}.Debug|Any CPU.Build.0 = Debug|Any CPU
		{4A3807D9-F8EC-4044-B371-575A9EBB5D5C}.Release|Any CPU.ActiveCfg = Release|Any CPU
		{4A3807D9-F8EC-4044-B371-575A9EBB5D5C}.Release|Any CPU.Build.0 = Release|Any CPU
	EndGlobalSection
	GlobalSection(SolutionProperties) = preSolution
		HideSolutionNode = FALSE
	EndGlobalSection
	GlobalSection(ExtensibilityGlobals) = postSolution
		SolutionGuid = {02359EF6-2A97-449A-8206-64E6997B612C}
	EndGlobalSection
EndGlobal
